{
  "name": "sudoku-samurai",
  "version": "1.6.1",
  "lockfileVersion": 3,
  "requires": true,
  "packages": {
    "": {
      "name": "sudoku-samurai",
      "version": "1.6.1",
      "dependencies": {
        "lucide-react": "^0.344.0",
        "react": "^18.3.1",
        "react-dom": "^18.3.1"
      },
      "devDependencies": {
        "@types/react": "^18.3.3",
        "@types/react-dom": "^18.3.0",
        "@vitejs/plugin-react": "^4.3.0",
        "autoprefixer": "^10.4.19",
        "postcss": "^8.4.38",
        "tailwindcss": "^3.4.3",
        "typescript": "^5.4.5",
        "vite": "^5.2.13"
      }
    },
    "node_modules/@babel/parser": {
      "version": "7.24.7",
      "resolved": "https://registry.npmjs.org/@babel/parser/-/parser-7.24.7.tgz",
      "integrity": "sha512-JV5t1i5222i5n2JpRTSc6f4eZgN2134k98t7hgs53ltVAR0aG6tIkOrhm4ePj2x2U4rfmNA5q4i1WnI/u427DA==",
      "dev": true,
      "license": "MIT",
      "engines": {
        "node": ">=6.0.0"
      }
    },
    "node_modules/@types/prop-types": {
      "version": "15.7.12",
      "resolved": "https://registry.npmjs.org/@types/prop-types/-/prop-types-15.7.12.tgz",
      "integrity": "sha512-5zvhXYS3icfN1wkdRXOPmcIPzN0iZlp3z6NaJugO2wETkgsDqGvga14we3GueE7bUkpGTuw0gAir5k3T+4/02g==",
      "dev": true,
      "license": "MIT"
    },
    "node_modules/@types/react": {
      "version": "18.3.3",
      "resolved": "https://registry.npmjs.org/@types/react/-/react-18.3.3.tgz",
      "integrity": "sha512-hti/R0pS0q1/cgpTKBk3u2Krwz2R/OTrYarpXXs346nb20VOKiJT1prk3s3iNm8D+wDGwZJwHy0hgX8dJmRBrQ==",
      "dev": true,
      "license": "MIT",
      "dependencies": {
        "@types/prop-types": "*",
        "csstype": "^3.0.2"
      }
    },
    "node_modules/@types/react-dom": {
      "version": "18.3.0",
      "resolved": "https://registry.npmjs.org/@types/react-dom/-/react-dom-18.3.0.tgz",
      "integrity": "sha512-dBrkvo3JCH1M697iB7ZpUyL6R2tpO22AU5p2b2T2I200c3dYgAP4224c30c3oO68K1cQynaoiUITIND4oeSsw==",
      "dev": true,
      "license": "MIT",
      "dependencies": {
        "@types/react": "*"
      }
    },
    "node_modules/@vitejs/plugin-react": {
      "version": "4.3.0",
      "resolved": "https://registry.npmjs.org/@vitejs/plugin-react/-/plugin-react-4.3.0.tgz",
      "integrity": "sha512-nESQWz5g1Y3+S1NW5R6y9gG//r2Q9oXr02pVX1FNp/WbFBb4T4KmnT7O3I+T+60SVRzD9/d8gPZqJ2sD03xkJQ==",
      "dev": true,
      "license": "MIT",
      "dependencies": {
        "@babel/parser": "^7.24.1",
        "magic-string": "^0.30.8"
      },
      "engines": {
        "node": "^18.0.0 || >=20.0.0"
      },
      "peerDependencies": {
        "react": "^18.2.0",
        "vite": "^4.5.0 || ^5.0.0"
      }
    },
    "node_modules/autoprefixer": {
      "version": "10.4.19",
      "resolved": "https://registry.npmjs.org/autoprefixer/-/autoprefixer-10.4.19.tgz",
      "integrity": "sha512-dGg8IxyeyBeIe4aSAfUM5gn6y3I8Uv/Prk1B6f2bXJUOiWCnixkEMM5Uvevcoo709mflk0Y0s3dJq2sWSy+QSQ==",
      "dev": true,
      "funding": [
        {
          "type": "opencollective",
          "url": "https://opencollective.com/postcss/"
        },
        {
          "type": "tidelift",
          "url": "https://tidelift.com/funding/github/npm/autoprefixer"
        },
        {
          "type": "github",
          "url": "https://github.com/sponsors/ai"
        }
      ],
      "license": "MIT",
      "dependencies": {
        "browserslist": "^4.23.0",
        "caniuse-lite": "^1.0.30001602",
        "fraction.js": "^4.3.7",
        "picocolors": "^1.0.1",
        "postcss-value-parser": "^4.2.0"
      },
      "bin": {
        "autoprefixer": "bin/autoprefixer"
      },
      "engines": {
        "node": "^10 || ^12 || >=14"
      },
      "peerDependencies": {
        "postcss": "^8.1.0"
      }
    },
    "node_modules/browserslist": {
      "version": "4.23.0",
      "resolved": "https://registry.npmjs.org/browserslist/-/browserslist-4.23.0.tgz",
      "integrity": "sha512-vI+cW4490LO3+lNDbI4CUCeTfGvhQns2CVssTCskfWb+Q1eG5KstU+sW/Mmn3LwdRUQFb2XqgP2Lw+sM+IXyww==",
      "dev": true,
      "funding": [
        {
          "type": "opencollective",
          "url": "https://opencollective.com/browserslist"
        },
        {
          "type": "tidelift",
          "url": "https://tidelift.com/funding/github/npm/browserslist"
        },
        {
          "type": "github",
          "url": "https://github.com/sponsors/ai"
        }
      ],
      "license": "MIT",
      "dependencies": {
        "caniuse-lite": "^1.0.30001602",
        "electron-to-chromium": "^1.4.778",
        "node-releases": "^2.0.14",
        "update-browserslist-db": "^1.0.13"
      },
      "bin": {
        "browserslist": "cli.js"
      },
      "engines": {
        "node": "^10.17.0 || ^12.0 || ^14.0 || >=15.0"
      }
    },
    "node_modules/caniuse-lite": {
      "version": "1.0.30001625",
      "resolved": "https://registry.npmjs.org/caniuse-lite/-/caniuse-lite-1.0.30001625.tgz",
      "integrity": "sha512-Y1wly3lG3s/uDx/4n+yGlsSfnlK3s5a3uB/J+kSUo4g0d2d3q3T2Gg6oG+T6i/qgQO45tO38P01x221I36L+w==",
      "dev": true,
      "funding": [
        {
          "type": "opencollective",
          "url": "https://opencollective.com/browserslist"
        },
        {
          "type": "tidelift",
          "url": "https://tidelift.com/funding/github/npm/caniuse-lite"
        }
      ],
      "license": "CC-BY-4.0"
    },
    "node_modules/csstype": {
      "version": "3.1.3",
      "resolved": "https://registry.npmjs.org/csstype/-/csstype-3.1.3.tgz",
      "integrity": "sha512-M1uQkMl8rQK/szD0LNhtcwDiSSjKDeIuZwP7t4eAlzhvA1U3HD2RFqexD4oMaOADGjBwPKI5h/bFvgw2dm1oMQ==",
      "dev": true,
      "license": "MIT"
    },
    "node_modules/didyoumean": {
      "version": "1.2.2",
      "resolved": "https://registry.npmjs.org/didyoumean/-/didyoumean-1.2.2.tgz",
      "integrity": "sha512-g+bMo185IMsS/3/4rG4sW5x26Vz4iI+TkiY3f9L1s4AX6g+006/Aczt2EPlm/MR6aCaE54Z7/1MRdGghy2zmsw==",
      "dev": true,
      "license": "MIT"
    },
    "node_modules/electron-to-chromium": {
      "version": "1.4.801",
      "resolved": "https://registry.npmjs.org/electron-to-chromium/-/electron-to-chromium-1.4.801.tgz",
      "integrity": "sha512-2B88e3vT8s0rT5/k4rNqkv8OdkpD/l0VbJqC1LCRo7w0l6YyBf0yA4XW4L030eG+k+8J/F623l/4P+V7nQ==",
      "dev": true,
      "license": "ISC"
    },
    "node_modules/esbuild": {
      "version": "0.21.4",
      "resolved": "https://registry.npmjs.org/esbuild/-/esbuild-0.21.4.tgz",
      "integrity": "sha512-cR/R8g3uLD3YxVCK4Rtf2g5hNPRbMeH/613Kq2c38T2+A5kE3r7U2t/g8Lq5TihNryp/5W40Hw4/Yq0N+C3rA==",
      "dev": true,
      "license": "MIT",
      "hasInstallScript": true,
      "bin": {
        "esbuild": "bin/esbuild"
      },
      "engines": {
        "node": ">=12"
      },
      "optionalDependencies": {
        "@esbuild/android-arm": "0.21.4",
        "@esbuild/android-arm64": "0.21.4",
        "@esbuild/android-x64": "0.21.4",
        "@esbuild/darwin-arm64": "0.21.4",
        "@esbuild/darwin-x64": "0.21.4",
        "@esbuild/freebsd-arm64": "0.21.4",
        "@esbuild/freebsd-x64": "0.21.4",
        "@esbuild/linux-arm": "0.21.4",
        "@esbuild/linux-arm64": "0.21.4",
        "@esbuild/linux-ia32": "0.21.4",
        "@esbuild/linux-loong64": "0.21.4",
        "@esbuild/linux-mips64el": "0.21.4",
        "@esbuild/linux-ppc64": "0.21.4",
        "@esbuild/linux-riscv64": "0.21.4",
        "@esbuild/linux-s390x": "0.21.4",
        "@esbuild/linux-x64": "0.21.4",
        "@esbuild/netbsd-x64": "0.21.4",
        "@esbuild/openbsd-x64": "0.21.4",
        "@esbuild/sunos-x64": "0.21.4",
        "@esbuild/win32-arm64": "0.21.4",
        "@esbuild/win32-ia32": "0.21.4",
        "@esbuild/win32-x64": "0.21.4"
      }
    },
    "node_modules/fraction.js": {
      "version": "4.3.7",
      "resolved": "https://registry.npmjs.org/fraction.js/-/fraction.js-4.3.7.tgz",
      "integrity": "sha512-ZsDfxGrhPfuJGnkf+5b2vrQjx/JQH27i2l2o2Vppd912+I1vobSMj5P/6IkKj+tGz8aG2I023I2a4/p/i4Q4zA==",
      "dev": true,
      "license": "MIT"
    },
    "node_modules/js-tokens": {
      "version": "4.0.0",
      "resolved": "https://registry.npmjs.org/js-tokens/-/js-tokens-4.0.0.tgz",
      "integrity": "sha512-RdJUflcE3cUzKiMqQgsCu06FPu9UdIJO0beYbPhHN4k6apgJtifcoCtT9bcxOpYBtpD2kCM6Sbzg4CausW/PKQ==",
      "license": "MIT"
    },
    "node_modules/loose-envify": {
      "version": "1.4.0",
      "resolved": "https://registry.npmjs.org/loose-envify/-/loose-envify-1.4.0.tgz",
      "integrity": "sha512-lyuxPGr/Wfhrlem2CL/UcnUc1zcqKAImBDzukY7Y5F/yQiNdko6+fRLevlw1HgMySw7f611UIY408EtxRSoK3Q==",
      "dependencies": {
        "js-tokens": "^3.0.0 || ^4.0.0"
      },
      "bin": {
        "loose-envify": "cli.js"
      }
    },
    "node_modules/lucide": {
      "version": "0.344.0",
      "resolved": "https://registry.npmjs.org/lucide/-/lucide-0.344.0.tgz",
      "integrity": "sha512-Y30yS78V9NqYd3/ZgC3xKxTSoSBTP+1b/h1gXJBGt24A2r4D5yLwBbn12V2yTfK3eagP3k/rS7/J0cXXA3l3A==",
      "license": "ISC"
    },
    "node_modules/lucide-react": {
      "version": "0.344.0",
      "resolved": "https://registry.npmjs.org/lucide-react/-/lucide-react-0.344.0.tgz",
      "integrity": "sha512-dC3r3Q+C3qE2/oJd2hXUuGmx+zO5q/sJgYlQz03nbl/yq/4oYtF+TfYqI7N44uWfL8zEcFmG70hM1l5j3g==",
      "license": "ISC",
      "dependencies": {
        "lucide": "0.344.0"
      },
      "peerDependencies": {
        "react": ">=17"
      }
    },
    "node_modules/magic-string": {
      "version": "0.30.10",
      "resolved": "https://registry.npmjs.org/magic-string/-/magic-string-0.30.10.tgz",
      "integrity": "sha512-I+pruB6327h+wt2U2O/We2S/GgG/QYy4/iswW24sWv2p/3yPZaa4c/3v2A/NEkdpjRgIu//n2dxE3dG5s9zYzA==",
      "dev": true,
      "license": "MIT",
      "dependencies": {
        "@jridgewell/sourcemap-codec": "^1.4.15"
      },
      "engines": {
        "node": ">=16"
      }
    },
    "node_modules/magic-string/node_modules/@jridgewell/sourcemap-codec": {
      "version": "1.4.15",
      "resolved": "https://registry.npmjs.org/@jridgewell/sourcemap-codec/-/sourcemap-codec-1.4.15.tgz",
      "integrity": "sha512-eF2rxCRulEKXHTRiDrDy6erMYDqNw4vOFTULMkl+1U6Bllmfv3/I6GvlncaAPUTGFst4+v2ZrdboAfgro2hd2w==",
      "dev": true,
      "license": "MIT"
    },
    "node_modules/nanoid": {
      "version": "3.3.7",
      "resolved": "https://registry.npmjs.org/nanoid/-/nanoid-3.3.7.tgz",
      "integrity": "sha512-eSP3JsxFcp38GJ1B1stdJoMA/7eSjKMk3zgrP4lS58H77yMWPn3HmMxrNNUSqpaNF1g+nUU9sSFFtPcS4GlFwg==",
      "dev": true,
      "funding": [
        {
          "type": "github",
          "url": "https://github.com/sponsors/ai"
        }
      ],
      "license": "MIT",
      "bin": {
        "nanoid": "bin/nanoid.js"
      },
      "engines": {
        "node": "^10 || ^12 || ^13.7 || ^14 || >=15.0.1"
      }
    },
    "node_modules/node-releases": {
      "version": "2.0.14",
      "resolved": "https://registry.npmjs.org/node-releases/-/node-releases-2.0.14.tgz",
      "integrity": "sha512-yW7solN+N2ik+1J4+8c5L3TPAc3rfI/a0s6Cg3b3C4A5A/d2mg5cQc/YvKy2w2cZS1sL/LpqaOa2r574qfF7g==",
      "dev": true,
      "funding": {
        "type": "opencollective",
        "url": "https://opencollective.com/node-releases"
      },
      "license": "MIT"
    },
    "node_modules/picocolors": {
      "version": "1.0.1",
      "resolved": "https://registry.npmjs.org/picocolors/-/picocolors-1.0.1.tgz",
      "integrity": "sha512-anQDJ0D4w+QYDa+MOKc3jSK7pGtPBTD1S+s3zM7PTrMv3ylfsVf4q3+bbgehLCz2s4Cwg/K9a3a2og8eKr1JWA==",
      "dev": true,
      "license": "ISC"
    },
    "node_modules/postcss": {
      "version": "8.4.38",
      "resolved": "https://registry.npmjs.org/postcss/-/postcss-8.4.38.tgz",
      "integrity": "sha512-YVhaLNJ3ssafTq2p2s5rIeD8YfBpfTKsAbgHiLuJ/9sYSMUamkGvsAiu+gK1/vD8q/xGYc8n1R1/zB4JgXaf8A==",
      "dev": true,
      "funding": [
        {
          "type": "opencollective",
          "url": "https://opencollective.com/postcss/"
        },
        {
          "type": "tidelift",
          "url": "https://tidelift.com/funding/github/npm/postcss"
        },
        {
          "type": "github",
          "url": "https://github.com/sponsors/ai"
        }
      ],
      "license": "MIT",
      "dependencies": {
        "nanoid": "^3.3.7",
        "picocolors": "^1.0.1",
        "source-map-js": "^1.2.0"
      },
      "engines": {
        "node": "^10 || ^12 || >=14"
      }
    },
    "node_modules/postcss-import": {
      "version": "16.1.0",
      "resolved": "https://registry.npmjs.org/postcss-import/-/postcss-import-16.1.0.tgz",
      "integrity": "sha512-p/15RFx44eWsTm3m28pLO0+1+I2p+fkq/Qp5d3w1c4w2b2iP6W3U3L4/bQp76n2y5n26/NUpv5v/w6w4g==",
      "dev": true,
      "license": "MIT",
      "dependencies": {
        "postcss-value-parser": "^4.0.0",
        "resolve": "^1.1.7"
      },
      "engines": {
        "node": ">=16.0.0"
      },
      "peerDependencies": {
        "postcss": "^8.0.0"
      }
    },
    "node_modules/postcss-js": {
      "version": "4.0.1",
      "resolved": "https://registry.npmjs.org/postcss-js/-/postcss-js-4.0.1.tgz",
      "integrity": "sha512-dDLFh34q4D3pjc3gM3G3d/o4w4eOHm2x7v/s1q1/f3ZAtv5hK2vXSPm85C3Kz7k4iPZ+xucb0Yg5pT4gQ==",
      "dev": true,
      "license": "MIT",
      "dependencies": {
        "camelcase-css": "^2.0.1"
      },
      "engines": {
        "node": "^12 || ^14 || >= 16"
      },
      "peerDependencies": {
        "postcss": "^8.4.21"
      }
    },
    "node_modules/postcss-js/node_modules/camelcase-css": {
      "version": "2.0.1",
      "resolved": "https://registry.npmjs.org/camelcase-css/-/camelcase-css-2.0.1.tgz",
      "integrity": "sha512-Q+Lsa2hEB+kv71Lgac20tDCVC2SCAo4W9x3LEI28X1s225m/w4p/HE+A52dY12vO0wdUCls2PA/3wK8sMbGv4g==",
      "dev": true,
      "license": "MIT",
      "engines": {
        "node": ">= 6"
      }
    },
    "node_modules/postcss-load-config": {
      "version": "5.1.0",
      "resolved": "https://registry.npmjs.org/postcss-load-config/-/postcss-load-config-5.1.0.tgz",
      "integrity": "sha512-g/HwOAh2z9rqx1QPRf2VzG61k4q3f3kOBnpK3+6CnoNd/WwIIHk++S7YI/gX522vK+pXv9r3X+Lwv8fW83YqVQ==",
      "dev": true,
      "license": "MIT",
      "dependencies": {
        "lilconfig": "^3.1.1",
        "yaml": "^2.4.1"
      },
      "engines": {
        "node": ">=16.0.0"
      },
      "peerDependencies": {
        "postcss": ">=8.0.0",
        "ts-node": ">=9.0.0"
      },
      "peerDependenciesMeta": {
        "ts-node": {
          "optional": true
        }
      }
    },
    "node_modules/postcss-load-config/node_modules/lilconfig": {
      "version": "3.1.1",
      "resolved": "https://registry.npmjs.org/lilconfig/-/lilconfig-3.1.1.tgz",
      "integrity": "sha512-jJ4Ff2Zp4xG5y3QRvjWNI2dDxVEg2W/2fztpC4Pmq/ZmTfV2iKj5MD6e/n2nLDeaHj2KzJn/l4rK2bUj2lhu3w==",
      "dev": true,
      "license": "MIT",
      "engines": {
        "node": ">=14"
      }
    },
    "node_modules/postcss-nested": {
      "version": "6.0.1",
      "resolved": "https://registry.npmjs.org/postcss-nested/-/postcss-nested-6.0.1.tgz",
      "integrity": "sha512-m39Lvsb/srg6yY3jbeIpp7/QcQDBgEpc2HUy6cAnA0c/26wFmCtRFiKBm/9q2h5d7v8L3V+Xb2vJh+T+3G30wQ==",
      "dev": true,
      "license": "MIT",
      "dependencies": {
        "postcss-selector-parser": "^6.0.11"
      },
      "peerDependencies": {
        "postcss": "^8.2.14"
      }
    },
    "node_modules/postcss-selector-parser": {
      "version": "6.0.16",
      "resolved": "https://registry.npmjs.org/postcss-selector-parser/-/postcss-selector-parser-6.0.16.tgz",
      "integrity": "sha512-A0n6pFyEdibg2nJd+O0i+sWw8L69k592v3uJxg42a2/a3jDAJPMp0Uv4/oZFr9w4/XRmNq25wDYTw3c+1+v7vA==",
      "dev": true,
      "license": "MIT",
      "dependencies": {
        "cssesc": "^3.0.0",
        "util-deprecate": "^1.0.2"
      },
      "engines": {
        "node": ">=6"
      }
    },
    "node_modules/postcss-selector-parser/node_modules/cssesc": {
      "version": "3.0.0",
      "resolved": "https://registry.npmjs.org/cssesc/-/cssesc-3.0.0.tgz",
      "integrity": "sha512-/Tb/JXAtIOEs3+wh/2N2mjPx9z123bM7p16B6rSrBUVeP5NE0cCeelo76kUj/VCb1jTcLC6kSp0XwIviNHeoWg==",
      "dev": true,
      "license": "MIT",
      "bin": {
        "cssesc": "bin/cssesc"
      },
      "engines": {
        "node": ">=4"
      }
    },
    "node_modules/postcss-value-parser": {
      "version": "4.2.0",
      "resolved": "https://registry.npmjs.org/postcss-value-parser/-/postcss-value-parser-4.2.0.tgz",
      "integrity": "sha512-1NNCeRb+VzBEqQ4HR6n46iA+OHK7vDqQ8R/Bht2vtW4xWpQYy18CGpg0E/mFpdqv4yUbV22v/zO4sUa5o/mOIQ==",
      "dev": true,
      "license": "MIT"
    },
    "node_modules/react": {
      "version": "18.3.1",
      "resolved": "https://registry.npmjs.org/react/-/react-18.3.1.tgz",
      "integrity": "sha512-wS+hAgJShR0KHR0_DPf0gI1S3oX1nwOAQx3OFeHmoa5GGdpg6vbveKsuT4Rn5h+i4VD2I5wGgho9iNaxn6+U5g==",
      "dependencies": {
        "loose-envify": "^1.1.0"
      },
      "engines": {
        "node": ">=0.10.0"
      }
    },
    "node_modules/react-dom": {
      "version": "18.3.1",
      "resolved": "https://registry.npmjs.org/react-dom/-/react-dom-18.3.1.tgz",
      "integrity": "sha512-5m4nQKp2oP2A2xMca4YbQ2g3MySqf1cUS1n5PS8o3EVUqQBDcN57F9e5WOTB0br7QIsUveP5H2aVogwWb6r2FA==",
      "dependencies": {
        "loose-envify": "^1.1.0",
        "scheduler": "^0.23.2"
      },
      "peerDependencies": {
        "react": "^18.3.1"
      }
    },
    "node_modules/resolve": {
      "version": "1.22.8",
      "resolved": "https://registry.npmjs.org/resolve/-/resolve-1.22.8.tgz",
      "integrity": "sha512-oKWeNYREN0smS/oKl52k4CjLgS4olMVO+2p2u2g1t22zY9eS9aQV2k/e37d5AsmffWHm7th2Eur8jEcG4W2gSg==",
      "dev": true,
      "license": "MIT",
      "dependencies": {
        "is-core-module": "^2.13.1",
        "path-parse": "^1.0.7",
        "supports-preserve-symlinks-flag": "^1.0.0"
      },
      "bin": {
        "resolve": "bin/resolve"
      },
      "funding": {
        "url": "https://github.com/sponsors/ljharb"
      }
    },
    "node_modules/resolve/node_modules/is-core-module": {
      "version": "2.13.1",
      "resolved": "https://registry.npmjs.org/is-core-module/-/is-core-module-2.13.1.tgz",
      "integrity": "sha512-hHrIjvZsftOsvKSn2TRYl63zvxajp3KGEPlNfS2sI0zKxo+7/eU37KN5E6Qaff38vI6g2sD4tndrSD/4En5aCQ==",
      "dev": true,
      "license": "MIT",
      "dependencies": {
        "hasown": "^2.0.0"
      },
      "funding": {
        "url": "https://github.com/sponsors/ljharb"
      }
    },
    "node_modules/resolve/node_modules/path-parse": {
      "version": "1.0.7",
      "resolved": "https://registry.npmjs.org/path-parse/-/path-parse-1.0.7.tgz",
      "integrity": "sha512-LDJzPVEEEPR+y48z93A0Ed0yXb8pAByGWo/k5YYdYgpY2/2HAEwWlaCE7/xEKesH+LNUUTjLGItcHGS4+H1Ggw==",
      "dev": true,
      "license": "MIT"
    },
    "node_modules/resolve/node_modules/supports-preserve-symlinks-flag": {
      "version": "1.0.0",
      "resolved": "https://registry.npmjs.org/supports-preserve-symlinks-flag/-/supports-preserve-symlinks-flag-1.0.0.tgz",
      "integrity": "sha512-ot0WnXS9fgdkgIcePe6RHNk1WA8+ybmIOmsOB6p03sClnAbGoS3p/sp2/w1/0hkA9vGtEgz7f7/cxt8KOP5Zaw==",
      "dev": true,
      "license": "MIT",
      "engines": {
        "node": ">= 0.4"
      },
      "funding": {
        "url": "https://github.com/sponsors/ljharb"
      }
    },
    "node_modules/rollup": {
      "version": "4.18.0",
      "resolved": "https://registry.npmjs.org/rollup/-/rollup-4.18.0.tgz",
      "integrity": "sha512-32RXY/m4p1Lomc9H+e22hGWA+wW4aM9XGfC70+mC0eIu2XR49d9M70hU1yBwTJrCg0sDkS7gLAwYQ3bLkg==",
      "dev": true,
      "license": "MIT",
      "bin": {
        "rollup": "dist/bin/rollup"
      },
      "engines": {
        "node": ">=18.0.0",
        "npm": ">=8.0.0"
      },
      "optionalDependencies": {
        "@rollup/rollup-android-arm-eabi": "4.18.0",
        "@rollup/rollup-android-arm64": "4.18.0",
        "@rollup/rollup-darwin-arm64": "4.18.0",
        "@rollup/rollup-darwin-x64": "4.18.0",
        "@rollup/rollup-linux-arm-gnueabihf": "4.18.0",
        "@rollup/rollup-linux-arm64-gnu": "4.18.0",
        "@rollup/rollup-linux-arm64-musl": "4.18.0",
        "@rollup/rollup-linux-x64-gnu": "4.18.0",
        "@rollup/rollup-linux-x64-musl": "4.18.0",
        "@rollup/rollup-win32-arm64-msvc": "4.18.0",
        "@rollup/rollup-win32-ia32-msvc": "4.18.0",
        "@rollup/rollup-win32-x64-msvc": "4.18.0",
        "fsevents": "~2.3.2"
      }
    },
    "node_modules/rollup/node_modules/fsevents": {
      "version": "2.3.3",
      "resolved": "https://registry.npmjs.org/fsevents/-/fsevents-2.3.3.tgz",
      "integrity": "sha512-5XPiknoRggbseBqLwIbw9U+4IIAZyMNN22WE2bsVpEcK485ZpGf3647QDwZc1bE15fR42A2Qd1H3PEsYwSPn0g==",
      "dev": true,
      "license": "MIT",
      "optional": true,
      "os": [
        "darwin"
      ],
      "engines": {
        "node": "^8.16.0 || ^10.6.0 || >=11.0.0"
      }
    },
    "node_modules/scheduler": {
      "version": "0.23.2",
      "resolved": "https://registry.npmjs.org/scheduler/-/scheduler-0.23.2.tgz",
      "integrity": "sha512-EnaK7tpxL2pr+2c2L9+2zPjS3EItveZeDeIsi2aA26vHe6lfHYfb2T64fAF8T3amQAm2GvCg3V/N/U+n5e+NyQ==",
      "dependencies": {
        "loose-envify": "^1.1.0"
      }
    },
    "node_modules/source-map-js": {
      "version": "1.2.0",
      "resolved": "https://registry.npmjs.org/source-map-js/-/source-map-js-1.2.0.tgz",
      "integrity": "sha512-itJW8lvSA0imC/32hhvHvHoJpIP3oREf2oQv32k/fI1t779JzWf2J5b93wP/N2c6iC5f4mJjGkUvJMQf2v3wA==",
      "dev": true,
      "license": "BSD-3-Clause",
      "engines": {
        "node": ">=0.10.0"
      }
    },
    "node_modules/tailwindcss": {
      "version": "3.4.3",
      "resolved": "https://registry.npmjs.org/tailwindcss/-/tailwindcss-3.4.3.tgz",
      "integrity": "sha512-o/g3Fk3E3pG/V3g4B+5d3OPnMnMkgGEDsSVxNf+YAb3gsYJ0o44/osDF9vV3f+OHhG40w/S/q5JcnAqw6nS3Xg==",
      "dev": true,
      "license": "MIT",
      "dependencies": {
        "arg": "^5.0.2",
        "chokidar": "^3.5.3",
        "didyoumean": "^1.2.2",
        "dlv": "^1.1.3",
        "fast-glob": "^3.3.2",
        "glob-parent": "^6.0.2",
        "is-glob": "^4.0.3",
        "jiti": "^1.21.0",
        "lilconfig": "^2.1.0",
        "micromatch": "^4.0.5",
        "normalize-path": "^3.0.0",
        "object-hash": "^3.0.0",
        "picocolors": "^1.0.0",
        "postcss": "^8.4.32",
        "postcss-import": "^16.0.1",
        "postcss-js": "^4.0.1",
        "postcss-load-config": "^5.0.3",
        "postcss-nested": "^6.0.1",
        "postcss-selector-parser": "^6.0.13",
        "postcss-value-parser": "^4.2.0",
        "quick-lru": "^5.1.1",
        "resolve": "^1.22.8",
        "sucrase": "^3.34.0"
      },
      "bin": {
        "tailwind": "lib/cli.js",
        "tailwindcss": "lib/cli.js"
      },
      "engines": {
        "node": ">=16.14.0"
      },
      "peerDependencies": {
        "autoprefixer": ">=10.4.5"
      },
      "peerDependenciesMeta": {
        "autoprefixer": {
          "optional": true
        }
      }
    },
    "node_modules/tailwindcss/node_modules/arg": {
      "version": "5.0.2",
      "resolved": "https://registry.npmjs.org/arg/-/arg-5.0.2.tgz",
      "integrity": "sha512-PYfVK3TQzHE4ALQFVITN21H/sB2kAb2hIbOy2+Y4IepI2u0e22a/p4g+lV0f46iS/j9wT9U/dltcIw84ZNSLQw==",
      "dev": true,
      "license": "MIT"
    },
    "node_modules/tailwindcss/node_modules/chokidar": {
      "version": "3.5.3",
      "resolved": "https://registry.npmjs.org/chokidar/-/chokidar-3.5.3.tgz",
      "integrity": "sha512-Dr3sfKjsgfnQlIMpnsv0IFeHow2OAJbextsTnWGrnFj9guIs049DB0qdd+4G+9i9r4VF0/wMC6zgo5HwkvXIIA==",
      "dev": true,
      "funding": [
        {
          "type": "individual",
          "url": "https://paulmillr.com/funding/"
        }
      ],
      "license": "MIT",
      "dependencies": {
        "anymatch": "~3.1.2",
        "braces": "~3.0.2",
        "glob-parent": "~5.1.2",
        "is-binary-path": "~2.1.0",
        "is-glob": "~4.0.1",
        "normalize-path": "~3.0.0",
        "readdirp": "~3.6.0"
      },
      "engines": {
        "node": ">= 8.10.0"
      },
      "optionalDependencies": {
        "fsevents": "~2.3.2"
      }
    },
    "node_modules/tailwindcss/node_modules/chokidar/node_modules/fsevents": {
      "version": "2.3.2",
      "resolved": "https://registry.npmjs.org/fsevents/-/fsevents-2.3.2.tgz",
      "integrity": "sha512-xiqMQR4xAeHTuB9uWm+fFRcIOgKBMiOBP+eXiyT7jsgVCq1bkVygt00oASowB7EdtpOHaaPgKt812P9ab+DDKA==",
      "dev": true,
      "license": "MIT",
      "optional": true,
      "os": [
        "darwin"
      ],
      "engines": {
        "node": "^8.16.0 || ^10.6.0 || >=11.0.0"
      }
    },
    "node_modules/tailwindcss/node_modules/chokidar/node_modules/glob-parent": {
      "version": "5.1.2",
      "resolved": "https://registry.npmjs.org/glob-parent/-/glob-parent-5.1.2.tgz",
      "integrity": "sha512-AOIgSQCepiGyCE27UDzMofL/qxYACJvgaoxczq5i3JT5r0hCvjVvlnqKpA9cIPeHrmOK07RTLevEtvRdIS67TQ==",
      "dev": true,
      "license": "ISC",
      "dependencies": {
        "is-glob": "^4.0.1"
      },
      "engines": {
        "node": ">= 6"
      }
    },
    "node_modules/tailwindcss/node_modules/dlv": {
      "version": "1.1.3",
      "resolved": "https://registry.npmjs.org/dlv/-/dlv-1.1.3.tgz",
      "integrity": "sha512-ftM3pv/1eMA65vGM22WePpdE/j3PBJd3u4o4QoMuH5OFhQce2D0iPyZb1qTT+gG9tJAlZLoG3lJEOwvSO62Qpg==",
      "dev": true,
      "license": "MIT"
    },
    "node_modules/tailwindcss/node_modules/fast-glob": {
      "version": "3.3.2",
      "resolved": "https://registry.npmjs.org/fast-glob/-/fast-glob-3.3.2.tgz",
      "integrity": "sha512-oX2ruAFQwf/Orj8m737Y5I3IPm32xNFnbFi7L1p+iR+xRlCI/g7/82M/Kb08jTL2w9stkI42k21JtPUy1TDh+Q==",
      "dev": true,
      "license": "MIT",
      "dependencies": {
        "@nodelib/fs.stat": "^2.0.2",
        "@nodelib/fs.walk": "^1.2.3",
        "glob-parent": "^5.1.2",
        "micromatch": "^4.0.4",
        "picomatch": "^2.2.1"
      },
      "engines": {
        "node": ">=8.6.0"
      }
    },
    "node_modules/tailwindcss/node_modules/fast-glob/node_modules/glob-parent": {
      "version": "5.1.2",
      "resolved": "https://registry.npmjs.org/glob-parent/-/glob-parent-5.1.2.tgz",
      "integrity": "sha512-AOIgSQCepiGyCE27UDzMofL/qxYACJvgaoxczq5i3JT5r0hCvjVvlnqKpA9cIPeHrmOK07RTLevEtvRdIS67TQ==",
      "dev": true,
      "license": "ISC",
      "dependencies": {
        "is-glob": "^4.0.1"
      },
      "engines": {
        "node": ">= 6"
      }
    },
    "node_modules/tailwindcss/node_modules/glob-parent/node_modules/is-glob": {
      "version": "4.0.3",
      "resolved": "https://registry.npmjs.org/is-glob/-/is-glob-4.0.3.tgz",
      "integrity": "sha512-xelSayIuTMz7TjDl20ED2l6iL/iZdnmua4k6iIhYescHd4Ijw56W3y3WDIx3bydxr+VChZkxa2rtNA6/aA+S2g==",
      "dev": true,
      "license": "MIT",
      "dependencies": {
        "is-extglob": "^2.1.1"
      },
      "engines": {
        "node": ">=0.10.0"
      }
    },
    "node_modules/tailwindcss/node_modules/is-extglob": {
      "version": "2.1.1",
      "resolved": "https://registry.npmjs.org/is-extglob/-/is-extglob-2.1.1.tgz",
      "integrity": "sha512-SbKbANkN603ViZTkEo6QcGmnxt9O9wYBjW2wocdV/G12r237u/tA52S162Paiw52a7DTjAJ2Hc4Y3Y5g2qaEaA==",
      "dev": true,
      "license": "MIT",
      "engines": {
        "node": ">=0.10.0"
      }
    },
    "node_modules/tailwindcss/node_modules/is-glob": {
      "version": "4.0.3",
      "resolved": "https://registry.npmjs.org/is-glob/-/is-glob-4.0.3.tgz",
      "integrity": "sha512-xelSayIuTMz7TjDl20ED2l6iL/iZdnmua4k6iIhYescHd4Ijw56W3y3WDIx3bydxr+VChZkxa2rtNA6/aA+S2g==",
      "dev": true,
      "license": "MIT",
      "dependencies": {
        "is-extglob": "^2.1.1"
      },
      "engines": {
        "node": ">=0.10.0"
      }
    },
    "node_modules/tailwindcss/node_modules/jiti": {
      "version": "1.21.0",
      "resolved": "https://registry.npmjs.org/jiti/-/jiti-1.21.0.tgz",
      "integrity": "sha512-gFqAI5OnjG82OM4N3/sX2T1I3P3Qd71zZu5dLb2h9/4rhj5a/2X2v8hUbvplTjAXdYo20k+3l9V7gL4g4B4sYw==",
      "dev": true,
      "license": "MIT"
    },
    "node_modules/tailwindcss/node_modules/lilconfig": {
      "version": "2.1.0",
      "resolved": "https://registry.npmjs.org/lilconfig/-/lilconfig-2.1.0.tgz",
      "integrity": "sha512-utWOt/GHzuUe73D9623gDU2bel5hEbH4B7AFYy/5Py1S/y+d6L2uyVhS6jW42d6v8PSVUo2x3E3tq438KlcCgA==",
      "dev": true,
      "license": "MIT",
      "engines": {
        "node": ">=10"
      }
    },
    "node_modules/tailwindcss/node_modules/micromatch": {
      "version": "4.0.5",
      "resolved": "https://registry.npmjs.org/micromatch/-/micromatch-4.0.5.tgz",
      "integrity": "sha512-DMy+ERcEW2q8Z2S8dj6GND2NKwHLcGjQvB80h0K3L+aSWyWepFTEwNYcgC2oFrcjIqQ5cv3UuHXSo02dhHELLA==",
      "dev": true,
      "license": "MIT",
      "dependencies": {
        "braces": "^3.0.2",
        "picomatch": "^2.3.1"
      },
      "engines": {
        "node": ">=8.6"
      }
    },
    "node_modules/tailwindcss/node_modules/normalize-path": {
      "version": "3.0.0",
      "resolved": "https://registry.npmjs.org/normalize-path/-/normalize-path-3.0.0.tgz",
      "integrity": "sha512-6ePa5C4tedM/xFw9O1D7TXrwYLDuw2wW4w2aNeuCCliWpTw3APTzao8AgCS4jS2X2AbHtPe7YZOsvken+28e8g==",
      "dev": true,
      "license": "MIT",
      "engines": {
        "node": ">=0.10.0"
      }
    },
    "node_modules/tailwindcss/node_modules/object-hash": {
      "version": "3.0.0",
      "resolved": "https://registry.npmjs.org/object-hash/-/object-hash-3.0.0.tgz",
      "integrity": "sha512-RSn9F68PjH9HqtltsSnqYC1XXoWesTMowMDrIq6l3l9N/G3w+9dKZrIMdw82sDpzzURmDyey2eGbb52np2S2EA==",
      "dev": true,
      "license": "MIT",
      "engines": {
        "node": ">= 6"
      }
    },
    "node_modules/tailwindcss/node_modules/quick-lru": {
      "version": "5.1.1",
      "resolved": "https://registry.npmjs.org/quick-lru/-/quick-lru-5.1.1.tgz",
      "integrity": "sha512-W6Qv6PBU2G1S2rr7n/U3EgS+wRftBvTDb5s82AGh5C3r2sB8nBwBCiY2VNoi2Od1Ad/9fG3s72XzC2/Lg2QfPg==",
      "dev": true,
      "license": "MIT",
      "engines": {
        "node": ">=10"
      },
      "funding": {
        "url": "https://github.com/sponsors/sindresorhus"
      }
    },
    "node_modules/tailwindcss/node_modules/sucrase": {
      "version": "3.34.0",
      "resolved": "https://registry.npmjs.org/sucrase/-/sucrase-3.34.0.tgz",
      "integrity": "sha512-RKoYIAntV1FG8nLg3fT7k49tXra/pbA5X266U3uv8s1zDxW/e//z0wP+p2nMd5UnK+zC7zP/iOqQ9n2NLwO01w==",
      "dev": true,
      "license": "MIT",
      "dependencies": {
        "@jridgewell/gen-mapping": "^0.3.2",
        "commander": "^4.0.0",
        "fast-glob": "^3.2.11",
        "lines-and-columns": "^1.2.4",
        "pirates": "^4.0.5",
        "ts-interface-checker": "^0.1.13"
      },
      "bin": {
        "sucrase": "bin/sucrase",
        "sucrase-node": "bin/sucrase-node"
      },
      "engines": {
        "node": ">=10"
      }
    },
    "node_modules/tailwindcss/node_modules/sucrase/node_modules/commander": {
      "version": "4.1.1",
      "resolved": "https://registry.npmjs.org/commander/-/commander-4.1.1.tgz",
      "integrity": "sha512-NOAv6Uj/Y5pVYa8hSAn034gjssjAZzdoV73i+xgg8DCtuAcJUMpAlsb23+X6hgoKl5HAGz3aYvIrm2IqnufyWg==",
      "dev": true,
      "license": "MIT",
      "engines": {
        "node": ">= 6"
      }
    },
    "node_modules/typescript": {
      "version": "5.4.5",
      "resolved": "https://registry.npmjs.org/typescript/-/typescript-5.4.5.tgz",
      "integrity": "sha512-vcI4UpRgg81oXqd8ENtZNYjBCxIikfIMBFQzWYQo6CkkQplA5UtNNTzIuMV2gnPIv2aATTdFf2fDkPA5ESAgvA==",
      "dev": true,
      "license": "Apache-2.0",
      "bin": {
        "tsc": "bin/tsc",
        "tsserver": "bin/tsserver"
      },
      "engines": {
        "node": ">=14.17"
      }
    },
    "node_modules/update-browserslist-db": {
      "version": "1.0.13",
      "resolved": "https://registry.npmjs.org/update-browserslist-db/-/update-browserslist-db-1.0.13.tgz",
      "integrity": "sha512-xebPz8T2heV1T6+unN3s5GRoHDC8f2T2/w/NFC+nO2aOws1l//3zLe1b9NPAyK2q/L1GkIGcIe4Vz8CiWp+m9A==",
      "dev": true,
      "funding": [
        {
          "type": "opencollective",
          "url": "https://opencollective.com/browserslist"
        },
        {
          "type": "tidelift",
          "url": "https://tidelift.com/funding/github/npm/browserslist"
        },
        {
          "type": "github",
          "url": "https://github.com/sponsors/ai"
        }
      ],
      "license": "MIT",
      "dependencies": {
        "escalade": "^3.1.2",
        "picocolors": "^1.0.1"
      },
      "bin": {
        "update-browserslist-db": "cli.js"
      },
      "peerDependencies": {
        "browserslist": ">= 4.21.0"
      }
    },
    "node_modules/update-browserslist-db/node_modules/escalade": {
      "version": "3.1.2",
      "resolved": "https://registry.npmjs.org/escalade/-/escalade-3.1.2.tgz",
      "integrity": "sha512-jd59HHFf2OmOYK18ZwP972W70iJwe8F+X1yrOxg+oag1eB4S/41B20aV92x23aWe4yB2nB4s4o2EwT/aKcFwQ==",
      "dev": true,
      "license": "MIT",
      "engines": {
        "node": ">=6"
      }
    },
    "node_modules/util-deprecate": {
      "version": "1.0.2",
      "resolved": "https://registry.npmjs.org/util-deprecate/-/util-deprecate-1.0.2.tgz",
      "integrity": "sha512-EPD5q1uXyFxJpCrLnCc128XwOkTOUOKsMfrzaB8KppSwA1goyNxxCD0Gbp8CPdXPvl+gctiOUd648rMSAVDASIw==",
      "dev": true,
      "license": "MIT"
    },
    "node_modules/vite": {
      "version": "5.2.13",
      "resolved": "https://registry.npmjs.org/vite/-/vite-5.2.13.tgz",
      "integrity": "sha512-zLhM0wRO/N2W/eA5KkL2e2l46s43+wD3yJ5/XIZVobgZp2L5gIu1M5j/cO0k/rVvt5z82jTr8b8YjFp21g==",
      "dev": true,
      "license": "MIT",
      "dependencies": {
        "esbuild": "^0.21.2",
        "postcss": "^8.4.38",
        "resolve.exports": "^2.0.2",
        "rollup": "^4.17.2"
      },
      "bin": {
        "vite": "bin/vite.js"
      },
      "engines": {
        "node": "^18.0.0 || >=20.0.0"
      },
      "funding": {
        "url": "https://github.com/sponsors/yyx990803"
      },
      "optionalDependencies": {
        "fsevents": "~2.3.3"
      },
      "peerDependencies": {
        "@rollup/plugin-commonjs": ">=25.0.0",
        "less": "*",
        "lightningcss": ">=1.24.1",
        "sass": "*",
        "stylus": "*"
      },
      "peerDependenciesMeta": {
        "@rollup/plugin-commonjs": {
          "optional": true
        },
        "less": {
          "optional": true
        },
        "lightningcss": {
          "optional": true
        },
        "sass": {
          "optional": true
        },
        "stylus": {
          "optional": true
        }
      }
    },
    "node_modules/vite/node_modules/fsevents": {
      "version": "2.3.3",
      "resolved": "https://registry.npmjs.org/fsevents/-/fsevents-2.3.3.tgz",
      "integrity": "sha512-5XPiknoRggbseBqLwIbw9U+4IIAZyMNN22WE2bsVpEcK485ZpGf3647QDwZc1bE15fR42A2Qd1H3PEsYwSPn0g==",
      "dev": true,
      "license": "MIT",
      "optional": true,
      "os": [
        "darwin"
      ],
      "engines": {
        "node": "^8.16.0 || ^10.6.0 || >=11.0.0"
      }
    },
    "node_modules/vite/node_modules/resolve.exports": {
      "version": "2.0.2",
      "resolved": "https://registry.npmjs.org/resolve.exports/-/resolve.exports-2.0.2.tgz",
      "integrity": "sha512-P1dCHmUC4xtcWk1/c3wMma75aMGLoOy2J/uZd/KCp/o6zW0bGBjFse1z276yN+iRNp1h+iY5N8vMEAoY1gsA3w==",
      "dev": true,
      "license": "MIT",
      "engines": {
        "node": ">=10"
      }
    },
    "node_modules/yaml": {
      "version": "2.4.2",
      "resolved": "https://registry.npmjs.org/yaml/-/yaml-2.4.2.tgz",
      "integrity": "sha512-Bv/f/Q2KwefLBCtOkJuv5KWh5A/StScLhr6w3Q3p2v/A/1oTbwv22z3d/UpRru2h2/fS/B1+b1sAGP1kKjUT9A==",
      "dev": true,
      "license": "ISC",
      "engines": {
        "node": ">= 14"
      }
    }
  }
}
